// !$*UTF8*$!
{
	archiveVersion = 1;
	classes = {
	};
	objectVersion = 50;
	objects = {

/* Begin PBXBuildFile section */
		6C789D9D188B14AF86CB717B /* Pods_HouseIdentifyDemo.framework in Frameworks */ = {isa = PBXBuildFile; fileRef = 617A22407796016FF448D3F3 /* Pods_HouseIdentifyDemo.framework */; };
		909C675AD878D1BB0908110D /* Pods_HouseIdentifyDemo_HouseIdentifyDemoUITests.framework in Frameworks */ = {isa = PBXBuildFile; fileRef = A9D599458C0B3B6512DBB9D5 /* Pods_HouseIdentifyDemo_HouseIdentifyDemoUITests.framework */; };
		B5C9303C26F0903700297204 /* AppDelegate.swift in Sources */ = {isa = PBXBuildFile; fileRef = B5C9303B26F0903700297204 /* AppDelegate.swift */; };
		B5C9303E26F0903700297204 /* SceneDelegate.swift in Sources */ = {isa = PBXBuildFile; fileRef = B5C9303D26F0903700297204 /* SceneDelegate.swift */; };
		B5C9304026F0903700297204 /* ViewController.swift in Sources */ = {isa = PBXBuildFile; fileRef = B5C9303F26F0903700297204 /* ViewController.swift */; };
		B5C9304326F0903700297204 /* Main.storyboard in Resources */ = {isa = PBXBuildFile; fileRef = B5C9304126F0903700297204 /* Main.storyboard */; };
		B5C9304526F0903800297204 /* Assets.xcassets in Resources */ = {isa = PBXBuildFile; fileRef = B5C9304426F0903800297204 /* Assets.xcassets */; };
		B5C9304826F0903800297204 /* LaunchScreen.storyboard in Resources */ = {isa = PBXBuildFile; fileRef = B5C9304626F0903800297204 /* LaunchScreen.storyboard */; };
		B5C9305326F0903800297204 /* HouseIdentifyDemoTests.swift in Sources */ = {isa = PBXBuildFile; fileRef = B5C9305226F0903800297204 /* HouseIdentifyDemoTests.swift */; };
		B5C9305E26F0903800297204 /* HouseIdentifyDemoUITests.swift in Sources */ = {isa = PBXBuildFile; fileRef = B5C9305D26F0903800297204 /* HouseIdentifyDemoUITests.swift */; };
		E5E21C4F49E62A5B963CA372 /* Pods_HouseIdentifyDemoTests.framework in Frameworks */ = {isa = PBXBuildFile; fileRef = F96B53B69710317E55B99CC0 /* Pods_HouseIdentifyDemoTests.framework */; };
/* End PBXBuildFile section */

/* Begin PBXContainerItemProxy section */
		B5C9304F26F0903800297204 /* PBXContainerItemProxy */ = {
			isa = PBXContainerItemProxy;
			containerPortal = B5C9303026F0903700297204 /* Project object */;
			proxyType = 1;
			remoteGlobalIDString = B5C9303726F0903700297204;
			remoteInfo = HouseIdentifyDemo;
		};
		B5C9305A26F0903800297204 /* PBXContainerItemProxy */ = {
			isa = PBXContainerItemProxy;
			containerPortal = B5C9303026F0903700297204 /* Project object */;
			proxyType = 1;
			remoteGlobalIDString = B5C9303726F0903700297204;
			remoteInfo = HouseIdentifyDemo;
		};
/* End PBXContainerItemProxy section */

/* Begin PBXFileReference section */
		09CEAFBA52CC00696E8D29E4 /* Pods-HouseIdentifyDemo-HouseIdentifyDemoUITests.debug.xcconfig */ = {isa = PBXFileReference; includeInIndex = 1; lastKnownFileType = text.xcconfig; name = "Pods-HouseIdentifyDemo-HouseIdentifyDemoUITests.debug.xcconfig"; path = "Target Support Files/Pods-HouseIdentifyDemo-HouseIdentifyDemoUITests/Pods-HouseIdentifyDemo-HouseIdentifyDemoUITests.debug.xcconfig"; sourceTree = "<group>"; };
		12FF5C2B9DD835DBAD1024BC /* Pods-HouseIdentifyDemoTests.release.xcconfig */ = {isa = PBXFileReference; includeInIndex = 1; lastKnownFileType = text.xcconfig; name = "Pods-HouseIdentifyDemoTests.release.xcconfig"; path = "Target Support Files/Pods-HouseIdentifyDemoTests/Pods-HouseIdentifyDemoTests.release.xcconfig"; sourceTree = "<group>"; };
		15EE860F1EC8115AC625E575 /* Pods-HouseIdentifyDemo.release.xcconfig */ = {isa = PBXFileReference; includeInIndex = 1; lastKnownFileType = text.xcconfig; name = "Pods-HouseIdentifyDemo.release.xcconfig"; path = "Target Support Files/Pods-HouseIdentifyDemo/Pods-HouseIdentifyDemo.release.xcconfig"; sourceTree = "<group>"; };
		2D42E0889BECEE162C7763D6 /* Pods-HouseIdentifyDemo.debug.xcconfig */ = {isa = PBXFileReference; includeInIndex = 1; lastKnownFileType = text.xcconfig; name = "Pods-HouseIdentifyDemo.debug.xcconfig"; path = "Target Support Files/Pods-HouseIdentifyDemo/Pods-HouseIdentifyDemo.debug.xcconfig"; sourceTree = "<group>"; };
		4C7A91E851D1FCE6C192855C /* Pods-HouseIdentifyDemo-HouseIdentifyDemoUITests.release.xcconfig */ = {isa = PBXFileReference; includeInIndex = 1; lastKnownFileType = text.xcconfig; name = "Pods-HouseIdentifyDemo-HouseIdentifyDemoUITests.release.xcconfig"; path = "Target Support Files/Pods-HouseIdentifyDemo-HouseIdentifyDemoUITests/Pods-HouseIdentifyDemo-HouseIdentifyDemoUITests.release.xcconfig"; sourceTree = "<group>"; };
		617A22407796016FF448D3F3 /* Pods_HouseIdentifyDemo.framework */ = {isa = PBXFileReference; explicitFileType = wrapper.framework; includeInIndex = 0; path = Pods_HouseIdentifyDemo.framework; sourceTree = BUILT_PRODUCTS_DIR; };
		985659D264D985B9F5A3FEF8 /* Pods-HouseIdentifyDemoTests.debug.xcconfig */ = {isa = PBXFileReference; includeInIndex = 1; lastKnownFileType = text.xcconfig; name = "Pods-HouseIdentifyDemoTests.debug.xcconfig"; path = "Target Support Files/Pods-HouseIdentifyDemoTests/Pods-HouseIdentifyDemoTests.debug.xcconfig"; sourceTree = "<group>"; };
		A9D599458C0B3B6512DBB9D5 /* Pods_HouseIdentifyDemo_HouseIdentifyDemoUITests.framework */ = {isa = PBXFileReference; explicitFileType = wrapper.framework; includeInIndex = 0; path = Pods_HouseIdentifyDemo_HouseIdentifyDemoUITests.framework; sourceTree = BUILT_PRODUCTS_DIR; };
		B5C9303826F0903700297204 /* HouseIdentifyDemo.app */ = {isa = PBXFileReference; explicitFileType = wrapper.application; includeInIndex = 0; path = HouseIdentifyDemo.app; sourceTree = BUILT_PRODUCTS_DIR; };
		B5C9303B26F0903700297204 /* AppDelegate.swift */ = {isa = PBXFileReference; lastKnownFileType = sourcecode.swift; path = AppDelegate.swift; sourceTree = "<group>"; };
		B5C9303D26F0903700297204 /* SceneDelegate.swift */ = {isa = PBXFileReference; lastKnownFileType = sourcecode.swift; path = SceneDelegate.swift; sourceTree = "<group>"; };
		B5C9303F26F0903700297204 /* ViewController.swift */ = {isa = PBXFileReference; lastKnownFileType = sourcecode.swift; path = ViewController.swift; sourceTree = "<group>"; };
		B5C9304226F0903700297204 /* Base */ = {isa = PBXFileReference; lastKnownFileType = file.storyboard; name = Base; path = Base.lproj/Main.storyboard; sourceTree = "<group>"; };
		B5C9304426F0903800297204 /* Assets.xcassets */ = {isa = PBXFileReference; lastKnownFileType = folder.assetcatalog; path = Assets.xcassets; sourceTree = "<group>"; };
		B5C9304726F0903800297204 /* Base */ = {isa = PBXFileReference; lastKnownFileType = file.storyboard; name = Base; path = Base.lproj/LaunchScreen.storyboard; sourceTree = "<group>"; };
		B5C9304926F0903800297204 /* Info.plist */ = {isa = PBXFileReference; lastKnownFileType = text.plist.xml; path = Info.plist; sourceTree = "<group>"; };
		B5C9304E26F0903800297204 /* HouseIdentifyDemoTests.xctest */ = {isa = PBXFileReference; explicitFileType = wrapper.cfbundle; includeInIndex = 0; path = HouseIdentifyDemoTests.xctest; sourceTree = BUILT_PRODUCTS_DIR; };
		B5C9305226F0903800297204 /* HouseIdentifyDemoTests.swift */ = {isa = PBXFileReference; lastKnownFileType = sourcecode.swift; path = HouseIdentifyDemoTests.swift; sourceTree = "<group>"; };
		B5C9305426F0903800297204 /* Info.plist */ = {isa = PBXFileReference; lastKnownFileType = text.plist.xml; path = Info.plist; sourceTree = "<group>"; };
		B5C9305926F0903800297204 /* HouseIdentifyDemoUITests.xctest */ = {isa = PBXFileReference; explicitFileType = wrapper.cfbundle; includeInIndex = 0; path = HouseIdentifyDemoUITests.xctest; sourceTree = BUILT_PRODUCTS_DIR; };
		B5C9305D26F0903800297204 /* HouseIdentifyDemoUITests.swift */ = {isa = PBXFileReference; lastKnownFileType = sourcecode.swift; path = HouseIdentifyDemoUITests.swift; sourceTree = "<group>"; };
		B5C9305F26F0903800297204 /* Info.plist */ = {isa = PBXFileReference; lastKnownFileType = text.plist.xml; path = Info.plist; sourceTree = "<group>"; };
		F96B53B69710317E55B99CC0 /* Pods_HouseIdentifyDemoTests.framework */ = {isa = PBXFileReference; explicitFileType = wrapper.framework; includeInIndex = 0; path = Pods_HouseIdentifyDemoTests.framework; sourceTree = BUILT_PRODUCTS_DIR; };
/* End PBXFileReference section */

/* Begin PBXFrameworksBuildPhase section */
		B5C9303526F0903700297204 /* Frameworks */ = {
			isa = PBXFrameworksBuildPhase;
			buildActionMask = 2147483647;
			files = (
				6C789D9D188B14AF86CB717B /* Pods_HouseIdentifyDemo.framework in Frameworks */,
			);
			runOnlyForDeploymentPostprocessing = 0;
		};
		B5C9304B26F0903800297204 /* Frameworks */ = {
			isa = PBXFrameworksBuildPhase;
			buildActionMask = 2147483647;
			files = (
				E5E21C4F49E62A5B963CA372 /* Pods_HouseIdentifyDemoTests.framework in Frameworks */,
			);
			runOnlyForDeploymentPostprocessing = 0;
		};
		B5C9305626F0903800297204 /* Frameworks */ = {
			isa = PBXFrameworksBuildPhase;
			buildActionMask = 2147483647;
			files = (
				909C675AD878D1BB0908110D /* Pods_HouseIdentifyDemo_HouseIdentifyDemoUITests.framework in Frameworks */,
			);
			runOnlyForDeploymentPostprocessing = 0;
		};
/* End PBXFrameworksBuildPhase section */

/* Begin PBXGroup section */
		9A7CF7A090847B6A093AB76E /* Frameworks */ = {
			isa = PBXGroup;
			children = (
				617A22407796016FF448D3F3 /* Pods_HouseIdentifyDemo.framework */,
				A9D599458C0B3B6512DBB9D5 /* Pods_HouseIdentifyDemo_HouseIdentifyDemoUITests.framework */,
				F96B53B69710317E55B99CC0 /* Pods_HouseIdentifyDemoTests.framework */,
			);
			name = Frameworks;
			sourceTree = "<group>";
		};
		B47205CE95BDA2EEAAE0831B /* Pods */ = {
			isa = PBXGroup;
			children = (
				2D42E0889BECEE162C7763D6 /* Pods-HouseIdentifyDemo.debug.xcconfig */,
				15EE860F1EC8115AC625E575 /* Pods-HouseIdentifyDemo.release.xcconfig */,
				09CEAFBA52CC00696E8D29E4 /* Pods-HouseIdentifyDemo-HouseIdentifyDemoUITests.debug.xcconfig */,
				4C7A91E851D1FCE6C192855C /* Pods-HouseIdentifyDemo-HouseIdentifyDemoUITests.release.xcconfig */,
				985659D264D985B9F5A3FEF8 /* Pods-HouseIdentifyDemoTests.debug.xcconfig */,
				12FF5C2B9DD835DBAD1024BC /* Pods-HouseIdentifyDemoTests.release.xcconfig */,
			);
			name = Pods;
			path = Pods;
			sourceTree = "<group>";
		};
		B5C9302F26F0903700297204 = {
			isa = PBXGroup;
			children = (
				B5C9303A26F0903700297204 /* HouseIdentifyDemo */,
				B5C9305126F0903800297204 /* HouseIdentifyDemoTests */,
				B5C9305C26F0903800297204 /* HouseIdentifyDemoUITests */,
				B5C9303926F0903700297204 /* Products */,
				B47205CE95BDA2EEAAE0831B /* Pods */,
				9A7CF7A090847B6A093AB76E /* Frameworks */,
			);
			sourceTree = "<group>";
		};
		B5C9303926F0903700297204 /* Products */ = {
			isa = PBXGroup;
			children = (
				B5C9303826F0903700297204 /* HouseIdentifyDemo.app */,
				B5C9304E26F0903800297204 /* HouseIdentifyDemoTests.xctest */,
				B5C9305926F0903800297204 /* HouseIdentifyDemoUITests.xctest */,
			);
			name = Products;
			sourceTree = "<group>";
		};
		B5C9303A26F0903700297204 /* HouseIdentifyDemo */ = {
			isa = PBXGroup;
			children = (
				B5C9303B26F0903700297204 /* AppDelegate.swift */,
				B5C9303D26F0903700297204 /* SceneDelegate.swift */,
				B5C9303F26F0903700297204 /* ViewController.swift */,
				B5C9304126F0903700297204 /* Main.storyboard */,
				B5C9304426F0903800297204 /* Assets.xcassets */,
				B5C9304626F0903800297204 /* LaunchScreen.storyboard */,
				B5C9304926F0903800297204 /* Info.plist */,
			);
			path = HouseIdentifyDemo;
			sourceTree = "<group>";
		};
		B5C9305126F0903800297204 /* HouseIdentifyDemoTests */ = {
			isa = PBXGroup;
			children = (
				B5C9305226F0903800297204 /* HouseIdentifyDemoTests.swift */,
				B5C9305426F0903800297204 /* Info.plist */,
			);
			path = HouseIdentifyDemoTests;
			sourceTree = "<group>";
		};
		B5C9305C26F0903800297204 /* HouseIdentifyDemoUITests */ = {
			isa = PBXGroup;
			children = (
				B5C9305D26F0903800297204 /* HouseIdentifyDemoUITests.swift */,
				B5C9305F26F0903800297204 /* Info.plist */,
			);
			path = HouseIdentifyDemoUITests;
			sourceTree = "<group>";
		};
/* End PBXGroup section */

/* Begin PBXNativeTarget section */
		B5C9303726F0903700297204 /* HouseIdentifyDemo */ = {
			isa = PBXNativeTarget;
			buildConfigurationList = B5C9306226F0903800297204 /* Build configuration list for PBXNativeTarget "HouseIdentifyDemo" */;
			buildPhases = (
				D86D236DDC6CFAF17BFBE226 /* [CP] Check Pods Manifest.lock */,
				B5C9303426F0903700297204 /* Sources */,
				B5C9303526F0903700297204 /* Frameworks */,
				B5C9303626F0903700297204 /* Resources */,
				9A21125790E09E27DBBDA36D /* [CP] Embed Pods Frameworks */,
			);
			buildRules = (
			);
			dependencies = (
			);
			name = HouseIdentifyDemo;
			productName = HouseIdentifyDemo;
			productReference = B5C9303826F0903700297204 /* HouseIdentifyDemo.app */;
			productType = "com.apple.product-type.application";
		};
		B5C9304D26F0903800297204 /* HouseIdentifyDemoTests */ = {
			isa = PBXNativeTarget;
			buildConfigurationList = B5C9306526F0903800297204 /* Build configuration list for PBXNativeTarget "HouseIdentifyDemoTests" */;
			buildPhases = (
				EB2D98A91E2A7E332C1802BE /* [CP] Check Pods Manifest.lock */,
				B5C9304A26F0903800297204 /* Sources */,
				B5C9304B26F0903800297204 /* Frameworks */,
				B5C9304C26F0903800297204 /* Resources */,
			);
			buildRules = (
			);
			dependencies = (
				B5C9305026F0903800297204 /* PBXTargetDependency */,
			);
			name = HouseIdentifyDemoTests;
			productName = HouseIdentifyDemoTests;
			productReference = B5C9304E26F0903800297204 /* HouseIdentifyDemoTests.xctest */;
			productType = "com.apple.product-type.bundle.unit-test";
		};
		B5C9305826F0903800297204 /* HouseIdentifyDemoUITests */ = {
			isa = PBXNativeTarget;
			buildConfigurationList = B5C9306826F0903800297204 /* Build configuration list for PBXNativeTarget "HouseIdentifyDemoUITests" */;
			buildPhases = (
				9CAF6B651C9977B602E013C6 /* [CP] Check Pods Manifest.lock */,
				B5C9305526F0903800297204 /* Sources */,
				B5C9305626F0903800297204 /* Frameworks */,
				B5C9305726F0903800297204 /* Resources */,
				F58CFA7702AE39018FA13CBE /* [CP] Embed Pods Frameworks */,
			);
			buildRules = (
			);
			dependencies = (
				B5C9305B26F0903800297204 /* PBXTargetDependency */,
			);
			name = HouseIdentifyDemoUITests;
			productName = HouseIdentifyDemoUITests;
			productReference = B5C9305926F0903800297204 /* HouseIdentifyDemoUITests.xctest */;
			productType = "com.apple.product-type.bundle.ui-testing";
		};
/* End PBXNativeTarget section */

/* Begin PBXProject section */
		B5C9303026F0903700297204 /* Project object */ = {
			isa = PBXProject;
			attributes = {
				LastSwiftUpdateCheck = 1250;
				LastUpgradeCheck = 1250;
				TargetAttributes = {
					B5C9303726F0903700297204 = {
						CreatedOnToolsVersion = 12.5.1;
					};
					B5C9304D26F0903800297204 = {
						CreatedOnToolsVersion = 12.5.1;
						TestTargetID = B5C9303726F0903700297204;
					};
					B5C9305826F0903800297204 = {
						CreatedOnToolsVersion = 12.5.1;
						TestTargetID = B5C9303726F0903700297204;
					};
				};
			};
			buildConfigurationList = B5C9303326F0903700297204 /* Build configuration list for PBXProject "HouseIdentifyDemo" */;
			compatibilityVersion = "Xcode 9.3";
			developmentRegion = en;
			hasScannedForEncodings = 0;
			knownRegions = (
				en,
				Base,
			);
			mainGroup = B5C9302F26F0903700297204;
			productRefGroup = B5C9303926F0903700297204 /* Products */;
			projectDirPath = "";
			projectRoot = "";
			targets = (
				B5C9303726F0903700297204 /* HouseIdentifyDemo */,
				B5C9304D26F0903800297204 /* HouseIdentifyDemoTests */,
				B5C9305826F0903800297204 /* HouseIdentifyDemoUITests */,
			);
		};
/* End PBXProject section */

/* Begin PBXResourcesBuildPhase section */
		B5C9303626F0903700297204 /* Resources */ = {
			isa = PBXResourcesBuildPhase;
			buildActionMask = 2147483647;
			files = (
				B5C9304826F0903800297204 /* LaunchScreen.storyboard in Resources */,
				B5C9304526F0903800297204 /* Assets.xcassets in Resources */,
				B5C9304326F0903700297204 /* Main.storyboard in Resources */,
			);
			runOnlyForDeploymentPostprocessing = 0;
		};
		B5C9304C26F0903800297204 /* Resources */ = {
			isa = PBXResourcesBuildPhase;
			buildActionMask = 2147483647;
			files = (
			);
			runOnlyForDeploymentPostprocessing = 0;
		};
		B5C9305726F0903800297204 /* Resources */ = {
			isa = PBXResourcesBuildPhase;
			buildActionMask = 2147483647;
			files = (
			);
			runOnlyForDeploymentPostprocessing = 0;
		};
/* End PBXResourcesBuildPhase section */

/* Begin PBXShellScriptBuildPhase section */
		9A21125790E09E27DBBDA36D /* [CP] Embed Pods Frameworks */ = {
			isa = PBXShellScriptBuildPhase;
			buildActionMask = 2147483647;
			files = (
			);
			inputFileListPaths = (
				"${PODS_ROOT}/Target Support Files/Pods-HouseIdentifyDemo/Pods-HouseIdentifyDemo-frameworks-${CONFIGURATION}-input-files.xcfilelist",
			);
			name = "[CP] Embed Pods Frameworks";
			outputFileListPaths = (
				"${PODS_ROOT}/Target Support Files/Pods-HouseIdentifyDemo/Pods-HouseIdentifyDemo-frameworks-${CONFIGURATION}-output-files.xcfilelist",
			);
			runOnlyForDeploymentPostprocessing = 0;
			shellPath = /bin/sh;
			shellScript = "\"${PODS_ROOT}/Target Support Files/Pods-HouseIdentifyDemo/Pods-HouseIdentifyDemo-frameworks.sh\"\n";
			showEnvVarsInLog = 0;
		};
		9CAF6B651C9977B602E013C6 /* [CP] Check Pods Manifest.lock */ = {
			isa = PBXShellScriptBuildPhase;
			buildActionMask = 2147483647;
			files = (
			);
			inputFileListPaths = (
			);
			inputPaths = (
				"${PODS_PODFILE_DIR_PATH}/Podfile.lock",
				"${PODS_ROOT}/Manifest.lock",
			);
			name = "[CP] Check Pods Manifest.lock";
			outputFileListPaths = (
			);
			outputPaths = (
				"$(DERIVED_FILE_DIR)/Pods-HouseIdentifyDemo-HouseIdentifyDemoUITests-checkManifestLockResult.txt",
			);
			runOnlyForDeploymentPostprocessing = 0;
			shellPath = /bin/sh;
			shellScript = "diff \"${PODS_PODFILE_DIR_PATH}/Podfile.lock\" \"${PODS_ROOT}/Manifest.lock\" > /dev/null\nif [ $? != 0 ] ; then\n    # print error to STDERR\n    echo \"error: The sandbox is not in sync with the Podfile.lock. Run 'pod install' or update your CocoaPods installation.\" >&2\n    exit 1\nfi\n# This output is used by Xcode 'outputs' to avoid re-running this script phase.\necho \"SUCCESS\" > \"${SCRIPT_OUTPUT_FILE_0}\"\n";
			showEnvVarsInLog = 0;
		};
		D86D236DDC6CFAF17BFBE226 /* [CP] Check Pods Manifest.lock */ = {
			isa = PBXShellScriptBuildPhase;
			buildActionMask = 2147483647;
			files = (
			);
			inputFileListPaths = (
			);
			inputPaths = (
				"${PODS_PODFILE_DIR_PATH}/Podfile.lock",
				"${PODS_ROOT}/Manifest.lock",
			);
			name = "[CP] Check Pods Manifest.lock";
			outputFileListPaths = (
			);
			outputPaths = (
				"$(DERIVED_FILE_DIR)/Pods-HouseIdentifyDemo-checkManifestLockResult.txt",
			);
			runOnlyForDeploymentPostprocessing = 0;
			shellPath = /bin/sh;
			shellScript = "diff \"${PODS_PODFILE_DIR_PATH}/Podfile.lock\" \"${PODS_ROOT}/Manifest.lock\" > /dev/null\nif [ $? != 0 ] ; then\n    # print error to STDERR\n    echo \"error: The sandbox is not in sync with the Podfile.lock. Run 'pod install' or update your CocoaPods installation.\" >&2\n    exit 1\nfi\n# This output is used by Xcode 'outputs' to avoid re-running this script phase.\necho \"SUCCESS\" > \"${SCRIPT_OUTPUT_FILE_0}\"\n";
			showEnvVarsInLog = 0;
		};
		EB2D98A91E2A7E332C1802BE /* [CP] Check Pods Manifest.lock */ = {
			isa = PBXShellScriptBuildPhase;
			buildActionMask = 2147483647;
			files = (
			);
			inputFileListPaths = (
			);
			inputPaths = (
				"${PODS_PODFILE_DIR_PATH}/Podfile.lock",
				"${PODS_ROOT}/Manifest.lock",
			);
			name = "[CP] Check Pods Manifest.lock";
			outputFileListPaths = (
			);
			outputPaths = (
				"$(DERIVED_FILE_DIR)/Pods-HouseIdentifyDemoTests-checkManifestLockResult.txt",
			);
			runOnlyForDeploymentPostprocessing = 0;
			shellPath = /bin/sh;
			shellScript = "diff \"${PODS_PODFILE_DIR_PATH}/Podfile.lock\" \"${PODS_ROOT}/Manifest.lock\" > /dev/null\nif [ $? != 0 ] ; then\n    # print error to STDERR\n    echo \"error: The sandbox is not in sync with the Podfile.lock. Run 'pod install' or update your CocoaPods installation.\" >&2\n    exit 1\nfi\n# This output is used by Xcode 'outputs' to avoid re-running this script phase.\necho \"SUCCESS\" > \"${SCRIPT_OUTPUT_FILE_0}\"\n";
			showEnvVarsInLog = 0;
		};
		F58CFA7702AE39018FA13CBE /* [CP] Embed Pods Frameworks */ = {
			isa = PBXShellScriptBuildPhase;
			buildActionMask = 2147483647;
			files = (
			);
			inputFileListPaths = (
				"${PODS_ROOT}/Target Support Files/Pods-HouseIdentifyDemo-HouseIdentifyDemoUITests/Pods-HouseIdentifyDemo-HouseIdentifyDemoUITests-frameworks-${CONFIGURATION}-input-files.xcfilelist",
			);
			name = "[CP] Embed Pods Frameworks";
			outputFileListPaths = (
				"${PODS_ROOT}/Target Support Files/Pods-HouseIdentifyDemo-HouseIdentifyDemoUITests/Pods-HouseIdentifyDemo-HouseIdentifyDemoUITests-frameworks-${CONFIGURATION}-output-files.xcfilelist",
			);
			runOnlyForDeploymentPostprocessing = 0;
			shellPath = /bin/sh;
			shellScript = "\"${PODS_ROOT}/Target Support Files/Pods-HouseIdentifyDemo-HouseIdentifyDemoUITests/Pods-HouseIdentifyDemo-HouseIdentifyDemoUITests-frameworks.sh\"\n";
			showEnvVarsInLog = 0;
		};
/* End PBXShellScriptBuildPhase section */

/* Begin PBXSourcesBuildPhase section */
		B5C9303426F0903700297204 /* Sources */ = {
			isa = PBXSourcesBuildPhase;
			buildActionMask = 2147483647;
			files = (
				B5C9304026F0903700297204 /* ViewController.swift in Sources */,
				B5C9303C26F0903700297204 /* AppDelegate.swift in Sources */,
				B5C9303E26F0903700297204 /* SceneDelegate.swift in Sources */,
			);
			runOnlyForDeploymentPostprocessing = 0;
		};
		B5C9304A26F0903800297204 /* Sources */ = {
			isa = PBXSourcesBuildPhase;
			buildActionMask = 2147483647;
			files = (
				B5C9305326F0903800297204 /* HouseIdentifyDemoTests.swift in Sources */,
			);
			runOnlyForDeploymentPostprocessing = 0;
		};
		B5C9305526F0903800297204 /* Sources */ = {
			isa = PBXSourcesBuildPhase;
			buildActionMask = 2147483647;
			files = (
				B5C9305E26F0903800297204 /* HouseIdentifyDemoUITests.swift in Sources */,
			);
			runOnlyForDeploymentPostprocessing = 0;
		};
/* End PBXSourcesBuildPhase section */

/* Begin PBXTargetDependency section */
		B5C9305026F0903800297204 /* PBXTargetDependency */ = {
			isa = PBXTargetDependency;
			target = B5C9303726F0903700297204 /* HouseIdentifyDemo */;
			targetProxy = B5C9304F26F0903800297204 /* PBXContainerItemProxy */;
		};
		B5C9305B26F0903800297204 /* PBXTargetDependency */ = {
			isa = PBXTargetDependency;
			target = B5C9303726F0903700297204 /* HouseIdentifyDemo */;
			targetProxy = B5C9305A26F0903800297204 /* PBXContainerItemProxy */;
		};
/* End PBXTargetDependency section */

/* Begin PBXVariantGroup section */
		B5C9304126F0903700297204 /* Main.storyboard */ = {
			isa = PBXVariantGroup;
			children = (
				B5C9304226F0903700297204 /* Base */,
			);
			name = Main.storyboard;
			sourceTree = "<group>";
		};
		B5C9304626F0903800297204 /* LaunchScreen.storyboard */ = {
			isa = PBXVariantGroup;
			children = (
				B5C9304726F0903800297204 /* Base */,
			);
			name = LaunchScreen.storyboard;
			sourceTree = "<group>";
		};
/* End PBXVariantGroup section */

/* Begin XCBuildConfiguration section */
		B5C9306026F0903800297204 /* Debug */ = {
			isa = XCBuildConfiguration;
			buildSettings = {
				ALWAYS_SEARCH_USER_PATHS = NO;
				CLANG_ANALYZER_NONNULL = YES;
				CLANG_ANALYZER_NUMBER_OBJECT_CONVERSION = YES_AGGRESSIVE;
				CLANG_CXX_LANGUAGE_STANDARD = "gnu++14";
				CLANG_CXX_LIBRARY = "libc++";
				CLANG_ENABLE_MODULES = YES;
				CLANG_ENABLE_OBJC_ARC = YES;
				CLANG_ENABLE_OBJC_WEAK = YES;
				CLANG_WARN_BLOCK_CAPTURE_AUTORELEASING = YES;
				CLANG_WARN_BOOL_CONVERSION = YES;
				CLANG_WARN_COMMA = YES;
				CLANG_WARN_CONSTANT_CONVERSION = YES;
				CLANG_WARN_DEPRECATED_OBJC_IMPLEMENTATIONS = YES;
				CLANG_WARN_DIRECT_OBJC_ISA_USAGE = YES_ERROR;
				CLANG_WARN_DOCUMENTATION_COMMENTS = YES;
				CLANG_WARN_EMPTY_BODY = YES;
				CLANG_WARN_ENUM_CONVERSION = YES;
				CLANG_WARN_INFINITE_RECURSION = YES;
				CLANG_WARN_INT_CONVERSION = YES;
				CLANG_WARN_NON_LITERAL_NULL_CONVERSION = YES;
				CLANG_WARN_OBJC_IMPLICIT_RETAIN_SELF = YES;
				CLANG_WARN_OBJC_LITERAL_CONVERSION = YES;
				CLANG_WARN_OBJC_ROOT_CLASS = YES_ERROR;
				CLANG_WARN_QUOTED_INCLUDE_IN_FRAMEWORK_HEADER = YES;
				CLANG_WARN_RANGE_LOOP_ANALYSIS = YES;
				CLANG_WARN_STRICT_PROTOTYPES = YES;
				CLANG_WARN_SUSPICIOUS_MOVE = YES;
				CLANG_WARN_UNGUARDED_AVAILABILITY = YES_AGGRESSIVE;
				CLANG_WARN_UNREACHABLE_CODE = YES;
				CLANG_WARN__DUPLICATE_METHOD_MATCH = YES;
				COPY_PHASE_STRIP = NO;
				DEBUG_INFORMATION_FORMAT = dwarf;
				ENABLE_STRICT_OBJC_MSGSEND = YES;
				ENABLE_TESTABILITY = YES;
				GCC_C_LANGUAGE_STANDARD = gnu11;
				GCC_DYNAMIC_NO_PIC = NO;
				GCC_NO_COMMON_BLOCKS = YES;
				GCC_OPTIMIZATION_LEVEL = 0;
				GCC_PREPROCESSOR_DEFINITIONS = (
					"DEBUG=1",
					"$(inherited)",
				);
				GCC_WARN_64_TO_32_BIT_CONVERSION = YES;
				GCC_WARN_ABOUT_RETURN_TYPE = YES_ERROR;
				GCC_WARN_UNDECLARED_SELECTOR = YES;
				GCC_WARN_UNINITIALIZED_AUTOS = YES_AGGRESSIVE;
				GCC_WARN_UNUSED_FUNCTION = YES;
				GCC_WARN_UNUSED_VARIABLE = YES;
				IPHONEOS_DEPLOYMENT_TARGET = 13.0;
				MTL_ENABLE_DEBUG_INFO = INCLUDE_SOURCE;
				MTL_FAST_MATH = YES;
				ONLY_ACTIVE_ARCH = YES;
				SDKROOT = iphoneos;
				SWIFT_ACTIVE_COMPILATION_CONDITIONS = DEBUG;
				SWIFT_OPTIMIZATION_LEVEL = "-Onone";
			};
			name = Debug;
		};
		B5C9306126F0903800297204 /* Release */ = {
			isa = XCBuildConfiguration;
			buildSettings = {
				ALWAYS_SEARCH_USER_PATHS = NO;
				CLANG_ANALYZER_NONNULL = YES;
				CLANG_ANALYZER_NUMBER_OBJECT_CONVERSION = YES_AGGRESSIVE;
				CLANG_CXX_LANGUAGE_STANDARD = "gnu++14";
				CLANG_CXX_LIBRARY = "libc++";
				CLANG_ENABLE_MODULES = YES;
				CLANG_ENABLE_OBJC_ARC = YES;
				CLANG_ENABLE_OBJC_WEAK = YES;
				CLANG_WARN_BLOCK_CAPTURE_AUTORELEASING = YES;
				CLANG_WARN_BOOL_CONVERSION = YES;
				CLANG_WARN_COMMA = YES;
				CLANG_WARN_CONSTANT_CONVERSION = YES;
				CLANG_WARN_DEPRECATED_OBJC_IMPLEMENTATIONS = YES;
				CLANG_WARN_DIRECT_OBJC_ISA_USAGE = YES_ERROR;
				CLANG_WARN_DOCUMENTATION_COMMENTS = YES;
				CLANG_WARN_EMPTY_BODY = YES;
				CLANG_WARN_ENUM_CONVERSION = YES;
				CLANG_WARN_INFINITE_RECURSION = YES;
				CLANG_WARN_INT_CONVERSION = YES;
				CLANG_WARN_NON_LITERAL_NULL_CONVERSION = YES;
				CLANG_WARN_OBJC_IMPLICIT_RETAIN_SELF = YES;
				CLANG_WARN_OBJC_LITERAL_CONVERSION = YES;
				CLANG_WARN_OBJC_ROOT_CLASS = YES_ERROR;
				CLANG_WARN_QUOTED_INCLUDE_IN_FRAMEWORK_HEADER = YES;
				CLANG_WARN_RANGE_LOOP_ANALYSIS = YES;
				CLANG_WARN_STRICT_PROTOTYPES = YES;
				CLANG_WARN_SUSPICIOUS_MOVE = YES;
				CLANG_WARN_UNGUARDED_AVAILABILITY = YES_AGGRESSIVE;
				CLANG_WARN_UNREACHABLE_CODE = YES;
				CLANG_WARN__DUPLICATE_METHOD_MATCH = YES;
				COPY_PHASE_STRIP = NO;
				DEBUG_INFORMATION_FORMAT = "dwarf-with-dsym";
				ENABLE_NS_ASSERTIONS = NO;
				ENABLE_STRICT_OBJC_MSGSEND = YES;
				GCC_C_LANGUAGE_STANDARD = gnu11;
				GCC_NO_COMMON_BLOCKS = YES;
				GCC_WARN_64_TO_32_BIT_CONVERSION = YES;
				GCC_WARN_ABOUT_RETURN_TYPE = YES_ERROR;
				GCC_WARN_UNDECLARED_SELECTOR = YES;
				GCC_WARN_UNINITIALIZED_AUTOS = YES_AGGRESSIVE;
				GCC_WARN_UNUSED_FUNCTION = YES;
				GCC_WARN_UNUSED_VARIABLE = YES;
				IPHONEOS_DEPLOYMENT_TARGET = 13.0;
				MTL_ENABLE_DEBUG_INFO = NO;
				MTL_FAST_MATH = YES;
				SDKROOT = iphoneos;
				SWIFT_COMPILATION_MODE = wholemodule;
				SWIFT_OPTIMIZATION_LEVEL = "-O";
				VALIDATE_PRODUCT = YES;
			};
			name = Release;
		};
		B5C9306326F0903800297204 /* Debug */ = {
			isa = XCBuildConfiguration;
			baseConfigurationReference = 2D42E0889BECEE162C7763D6 /* Pods-HouseIdentifyDemo.debug.xcconfig */;
			buildSettings = {
				ASSETCATALOG_COMPILER_APPICON_NAME = AppIcon;
				ASSETCATALOG_COMPILER_GLOBAL_ACCENT_COLOR_NAME = AccentColor;
				CODE_SIGN_STYLE = Automatic;
				DEVELOPMENT_TEAM = 4YWS756VK6;
				INFOPLIST_FILE = HouseIdentifyDemo/Info.plist;
				LD_RUNPATH_SEARCH_PATHS = (
					"$(inherited)",
					"@executable_path/Frameworks",
				);
				PRODUCT_BUNDLE_IDENTIFIER = com.machao.scancode.HouseIdentifyDemo;
				PRODUCT_NAME = "$(TARGET_NAME)";
				SWIFT_VERSION = 5.0;
				TARGETED_DEVICE_FAMILY = "1,2";
			};
			name = Debug;
		};
		B5C9306426F0903800297204 /* Release */ = {
			isa = XCBuildConfiguration;
			baseConfigurationReference = 15EE860F1EC8115AC625E575 /* Pods-HouseIdentifyDemo.release.xcconfig */;
			buildSettings = {
				ASSETCATALOG_COMPILER_APPICON_NAME = AppIcon;
				ASSETCATALOG_COMPILER_GLOBAL_ACCENT_COLOR_NAME = AccentColor;
				CODE_SIGN_STYLE = Automatic;
				DEVELOPMENT_TEAM = 4YWS756VK6;
				INFOPLIST_FILE = HouseIdentifyDemo/Info.plist;
				LD_RUNPATH_SEARCH_PATHS = (
					"$(inherited)",
					"@executable_path/Frameworks",
				);
				PRODUCT_BUNDLE_IDENTIFIER = com.machao.scancode.HouseIdentifyDemo;
				PRODUCT_NAME = "$(TARGET_NAME)";
				SWIFT_VERSION = 5.0;
				TARGETED_DEVICE_FAMILY = "1,2";
			};
			name = Release;
		};
		B5C9306626F0903800297204 /* Debug */ = {
			isa = XCBuildConfiguration;
			baseConfigurationReference = 985659D264D985B9F5A3FEF8 /* Pods-HouseIdentifyDemoTests.debug.xcconfig */;
			buildSettings = {
				ALWAYS_EMBED_SWIFT_STANDARD_LIBRARIES = YES;
				BUNDLE_LOADER = "$(TEST_HOST)";
				CODE_SIGN_STYLE = Automatic;
				DEVELOPMENT_TEAM = 4YWS756VK6;
				INFOPLIST_FILE = HouseIdentifyDemoTests/Info.plist;
				IPHONEOS_DEPLOYMENT_TARGET = 14.5;
				LD_RUNPATH_SEARCH_PATHS = (
					"$(inherited)",
					"@executable_path/Frameworks",
					"@loader_path/Frameworks",
				);
				PRODUCT_BUNDLE_IDENTIFIER = com.machao.scancode.HouseIdentifyDemoTests;
				PRODUCT_NAME = "$(TARGET_NAME)";
				SWIFT_VERSION = 5.0;
				TARGETED_DEVICE_FAMILY = "1,2";
				TEST_HOST = "$(BUILT_PRODUCTS_DIR)/HouseIdentifyDemo.app/HouseIdentifyDemo";
			};
			name = Debug;
		};
		B5C9306726F0903800297204 /* Release */ = {
			isa = XCBuildConfiguration;
			baseConfigurationReference = 12FF5C2B9DD835DBAD1024BC /* Pods-HouseIdentifyDemoTests.release.xcconfig */;
			buildSettings = {
				ALWAYS_EMBED_SWIFT_STANDARD_LIBRARIES = YES;
				BUNDLE_LOADER = "$(TEST_HOST)";
				CODE_SIGN_STYLE = Automatic;
				DEVELOPMENT_TEAM = 4YWS756VK6;
				INFOPLIST_FILE = HouseIdentifyDemoTests/Info.plist;
				IPHONEOS_DEPLOYMENT_TARGET = 14.5;
				LD_RUNPATH_SEARCH_PATHS = (
					"$(inherited)",
					"@executable_path/Frameworks",
					"@loader_path/Frameworks",
				);
				PRODUCT_BUNDLE_IDENTIFIER = com.machao.scancode.HouseIdentifyDemoTests;
				PRODUCT_NAME = "$(TARGET_NAME)";
				SWIFT_VERSION = 5.0;
				TARGETED_DEVICE_FAMILY = "1,2";
				TEST_HOST = "$(BUILT_PRODUCTS_DIR)/HouseIdentifyDemo.app/HouseIdentifyDemo";
			};
			name = Release;
		};
		B5C9306926F0903800297204 /* Debug */ = {
			isa = XCBuildConfiguration;
			baseConfigurationReference = 09CEAFBA52CC00696E8D29E4 /* Pods-HouseIdentifyDemo-HouseIdentifyDemoUITests.debug.xcconfig */;
			buildSettings = {
				ALWAYS_EMBED_SWIFT_STANDARD_LIBRARIES = YES;
				CODE_SIGN_STYLE = Automatic;
				DEVELOPMENT_TEAM = 4YWS756VK6;
				INFOPLIST_FILE = HouseIdentifyDemoUITests/Info.plist;
				LD_RUNPATH_SEARCH_PATHS = (
					"$(inherited)",
					"@executable_path/Frameworks",
					"@loader_path/Frameworks",
				);
				PRODUCT_BUNDLE_IDENTIFIER = com.machao.scancode.HouseIdentifyDemoUITests;
				PRODUCT_NAME = "$(TARGET_NAME)";
				SWIFT_VERSION = 5.0;
				TARGETED_DEVICE_FAMILY = "1,2";
				TEST_TARGET_NAME = HouseIdentifyDemo;
			};
			name = Debug;
		};
		B5C9306A26F0903800297204 /* Release */ = {
			isa = XCBuildConfiguration;
			baseConfigurationReference = 4C7A91E851D1FCE6C192855C /* Pods-HouseIdentifyDemo-HouseIdentifyDemoUITests.release.xcconfig */;
			buildSettings = {
				ALWAYS_EMBED_SWIFT_STANDARD_LIBRARIES = YES;
				CODE_SIGN_STYLE = Automatic;
				DEVELOPMENT_TEAM = 4YWS756VK6;
				INFOPLIST_FILE = HouseIdentifyDemoUITests/Info.plist;
				LD_RUNPATH_SEARCH_PATHS = (
					"$(inherited)",
					"@executable_path/Frameworks",
					"@loader_path/Frameworks",
				);
				PRODUCT_BUNDLE_IDENTIFIER = com.machao.scancode.HouseIdentifyDemoUITests;
				PRODUCT_NAME = "$(TARGET_NAME)";
				SWIFT_VERSION = 5.0;
				TARGETED_DEVICE_FAMILY = "1,2";
				TEST_TARGET_NAME = HouseIdentifyDemo;
			};
			name = Release;
		};
/* End XCBuildConfiguration section */

/* Begin XCConfigurationList section */
		B5C9303326F0903700297204 /* Build configuration list for PBXProject "HouseIdentifyDemo" */ = {
			isa = XCConfigurationList;
			buildConfigurations = (
				B5C9306026F0903800297204 /* Debug */,
				B5C9306126F0903800297204 /* Release */,
			);
			defaultConfigurationIsVisible = 0;
			defaultConfigurationName = Release;
		};
		B5C9306226F0903800297204 /* Build configuration list for PBXNativeTarget "HouseIdentifyDemo" */ = {
			isa = XCConfigurationList;
			buildConfigurations = (
				B5C9306326F0903800297204 /* Debug */,
				B5C9306426F0903800297204 /* Release */,
			);
			defaultConfigurationIsVisible = 0;
			defaultConfigurationName = Release;
		};
		B5C9306526F0903800297204 /* Build configuration list for PBXNativeTarget "HouseIdentifyDemoTests" */ = {
			isa = XCConfigurationList;
			buildConfigurations = (
				B5C9306626F0903800297204 /* Debug */,
				B5C9306726F0903800297204 /* Release */,
			);
			defaultConfigurationIsVisible = 0;
			defaultConfigurationName = Release;
		};
		B5C9306826F0903800297204 /* Build configuration list for PBXNativeTarget "HouseIdentifyDemoUITests" */ = {
			isa = XCConfigurationList;
			buildConfigurations = (
				B5C9306926F0903800297204 /* Debug */,
				B5C9306A26F0903800297204 /* Release */,
			);
			defaultConfigurationIsVisible = 0;
			defaultConfigurationName = Release;
		};
/* End XCConfigurationList section */
	};
	rootObject = B5C9303026F0903700297204 /* Project object */;
}
